
Microsoft Visual Studio Solution File, Format Version 12.00
Project("{F2A71F9B-5D33-465A-A702-920D77279786}") = "Day01.HistorianHysteria", "Day01.HistorianHysteria\Day01.HistorianHysteria.fsproj", "{30AA61E4-4528-413F-B59D-50A647CD4983}"
EndProject
Project("{F2A71F9B-5D33-465A-A702-920D77279786}") = "Day02.RedNosedReports", "Day02.RedNosedReports\Day02.RedNosedReports.fsproj", "{4C8DAE82-C9BF-4F20-B48D-89A0ADEC27CE}"
EndProject
Project("{F2A71F9B-5D33-465A-A702-920D77279786}") = "Day03.MullItOver", "Day03.MullItOver\Day03.MullItOver.fsproj", "{BCBC39FC-F362-4325-B590-113A129221B4}"
EndProject
Project("{F2A71F9B-5D33-465A-A702-920D77279786}") = "Day04.CeresSearch", "Day04.CeresSearch\Day04.CeresSearch.fsproj", "{9FD7480D-2960-4B5C-9E83-80AC2160EAE3}"
EndProject
Project("{F2A71F9B-5D33-465A-A702-920D77279786}") = "Day05.PrintQueue", "Day05.PrintQueue\Day05.PrintQueue.fsproj", "{7AFC16AF-5575-456C-A0B2-29AC6DDD190A}"
EndProject
Project("{F2A71F9B-5D33-465A-A702-920D77279786}") = "Day06.GuardGallivant", "Day06.GuardGallivant\Day06.GuardGallivant.fsproj", "{96F78BBC-473A-45AF-AC8C-60C2E6D9B90D}"
EndProject
Project("{F2A71F9B-5D33-465A-A702-920D77279786}") = "Day07.BridgeRepair", "Day07.BridgeRepair\Day07.BridgeRepair.fsproj", "{EBEC8823-C888-41C4-9EBD-7988F89B0008}"
EndProject
Global
	GlobalSection(SolutionConfigurationPlatforms) = preSolution
		Debug|Any CPU = Debug|Any CPU
		Release|Any CPU = Release|Any CPU
	EndGlobalSection
	GlobalSection(ProjectConfigurationPlatforms) = postSolution
		{30AA61E4-4528-413F-B59D-50A647CD4983}.Debug|Any CPU.ActiveCfg = Debug|Any CPU
		{30AA61E4-4528-413F-B59D-50A647CD4983}.Debug|Any CPU.Build.0 = Debug|Any CPU
		{30AA61E4-4528-413F-B59D-50A647CD4983}.Release|Any CPU.ActiveCfg = Release|Any CPU
		{30AA61E4-4528-413F-B59D-50A647CD4983}.Release|Any CPU.Build.0 = Release|Any CPU
		{4C8DAE82-C9BF-4F20-B48D-89A0ADEC27CE}.Debug|Any CPU.ActiveCfg = Debug|Any CPU
		{4C8DAE82-C9BF-4F20-B48D-89A0ADEC27CE}.Debug|Any CPU.Build.0 = Debug|Any CPU
		{4C8DAE82-C9BF-4F20-B48D-89A0ADEC27CE}.Release|Any CPU.ActiveCfg = Release|Any CPU
		{4C8DAE82-C9BF-4F20-B48D-89A0ADEC27CE}.Release|Any CPU.Build.0 = Release|Any CPU
		{BCBC39FC-F362-4325-B590-113A129221B4}.Debug|Any CPU.ActiveCfg = Debug|Any CPU
		{BCBC39FC-F362-4325-B590-113A129221B4}.Debug|Any CPU.Build.0 = Debug|Any CPU
		{BCBC39FC-F362-4325-B590-113A129221B4}.Release|Any CPU.ActiveCfg = Release|Any CPU
		{BCBC39FC-F362-4325-B590-113A129221B4}.Release|Any CPU.Build.0 = Release|Any CPU
		{9FD7480D-2960-4B5C-9E83-80AC2160EAE3}.Debug|Any CPU.ActiveCfg = Debug|Any CPU
		{9FD7480D-2960-4B5C-9E83-80AC2160EAE3}.Debug|Any CPU.Build.0 = Debug|Any CPU
		{9FD7480D-2960-4B5C-9E83-80AC2160EAE3}.Release|Any CPU.ActiveCfg = Release|Any CPU
		{9FD7480D-2960-4B5C-9E83-80AC2160EAE3}.Release|Any CPU.Build.0 = Release|Any CPU
		{7AFC16AF-5575-456C-A0B2-29AC6DDD190A}.Debug|Any CPU.ActiveCfg = Debug|Any CPU
		{7AFC16AF-5575-456C-A0B2-29AC6DDD190A}.Debug|Any CPU.Build.0 = Debug|Any CPU
		{7AFC16AF-5575-456C-A0B2-29AC6DDD190A}.Release|Any CPU.ActiveCfg = Release|Any CPU
		{7AFC16AF-5575-456C-A0B2-29AC6DDD190A}.Release|Any CPU.Build.0 = Release|Any CPU
		{96F78BBC-473A-45AF-AC8C-60C2E6D9B90D}.Debug|Any CPU.ActiveCfg = Debug|Any CPU
		{96F78BBC-473A-45AF-AC8C-60C2E6D9B90D}.Debug|Any CPU.Build.0 = Debug|Any CPU
		{96F78BBC-473A-45AF-AC8C-60C2E6D9B90D}.Release|Any CPU.ActiveCfg = Release|Any CPU
		{96F78BBC-473A-45AF-AC8C-60C2E6D9B90D}.Release|Any CPU.Build.0 = Release|Any CPU
		{EBEC8823-C888-41C4-9EBD-7988F89B0008}.Debug|Any CPU.ActiveCfg = Debug|Any CPU
		{EBEC8823-C888-41C4-9EBD-7988F89B0008}.Debug|Any CPU.Build.0 = Debug|Any CPU
		{EBEC8823-C888-41C4-9EBD-7988F89B0008}.Release|Any CPU.ActiveCfg = Release|Any CPU
		{EBEC8823-C888-41C4-9EBD-7988F89B0008}.Release|Any CPU.Build.0 = Release|Any CPU
	EndGlobalSection
EndGlobal
